# This file is generated by running "yarn install" inside your project.
# Manual changes might be lost - proceed with caution!

__metadata:
  version: 8
  cacheKey: 10c0

"@sindresorhus/is@npm:^2.0.0":
  version: 2.1.1
  resolution: "@sindresorhus/is@npm:2.1.1"
  checksum: 10c0/0e19eb3024a44e2de575e169e49a3a7fcea5558b52f2173ce249d57ad3d45fe6d0401b0d0c0a190feb92974c9be523bd0dfd6d660f651c74d8c2b4532b748105
  languageName: node
  linkType: hard

"@szmarczak/http-timer@npm:^4.0.0":
  version: 4.0.6
  resolution: "@szmarczak/http-timer@npm:4.0.6"
  dependencies:
    defer-to-connect: "npm:^2.0.0"
  checksum: 10c0/73946918c025339db68b09abd91fa3001e87fc749c619d2e9c2003a663039d4c3cb89836c98a96598b3d47dec2481284ba85355392644911f5ecd2336536697f
  languageName: node
  linkType: hard

"@types/cacheable-request@npm:^6.0.1":
  version: 6.0.3
  resolution: "@types/cacheable-request@npm:6.0.3"
  dependencies:
    "@types/http-cache-semantics": "npm:*"
    "@types/keyv": "npm:^3.1.4"
    "@types/node": "npm:*"
    "@types/responselike": "npm:^1.0.0"
  checksum: 10c0/10816a88e4e5b144d43c1d15a81003f86d649776c7f410c9b5e6579d0ad9d4ca71c541962fb403077388b446e41af7ae38d313e46692144985f006ac5e11fa03
  languageName: node
  linkType: hard

"@types/http-cache-semantics@npm:*":
  version: 4.0.4
  resolution: "@types/http-cache-semantics@npm:4.0.4"
  checksum: 10c0/51b72568b4b2863e0fe8d6ce8aad72a784b7510d72dc866215642da51d84945a9459fa89f49ec48f1e9a1752e6a78e85a4cda0ded06b1c73e727610c925f9ce6
  languageName: node
  linkType: hard

"@types/keyv@npm:^3.1.1, @types/keyv@npm:^3.1.4":
  version: 3.1.4
  resolution: "@types/keyv@npm:3.1.4"
  dependencies:
    "@types/node": "npm:*"
  checksum: 10c0/ff8f54fc49621210291f815fe5b15d809fd7d032941b3180743440bd507ecdf08b9e844625fa346af568c84bf34114eb378dcdc3e921a08ba1e2a08d7e3c809c
  languageName: node
  linkType: hard

"@types/node@npm:*":
  version: 22.0.0
  resolution: "@types/node@npm:22.0.0"
  dependencies:
    undici-types: "npm:~6.11.1"
  checksum: 10c0/af26a8ec7266c857b0ced75dc3a93c6b65280d1fa40d1b4488c814d30831c5c752489c99ecb5698daec1376145b1a9ddd08350882dc2e07769917a5f22a460bc
  languageName: node
  linkType: hard

"@types/responselike@npm:^1.0.0":
  version: 1.0.3
  resolution: "@types/responselike@npm:1.0.3"
  dependencies:
    "@types/node": "npm:*"
  checksum: 10c0/a58ba341cb9e7d74f71810a88862da7b2a6fa42e2a1fc0ce40498f6ea1d44382f0640117057da779f74c47039f7166bf48fad02dc876f94e005c7afa50f5e129
  languageName: node
  linkType: hard

"bin-version-check@npm:~6.0.0":
  version: 6.0.0
  resolution: "bin-version-check@npm:6.0.0"
  dependencies:
    binary-version: "npm:^7.1.0"
    semver: "npm:^7.6.0"
    semver-truncate: "npm:^3.0.0"
  checksum: 10c0/e8e485046f8505200656f365d3eaeac21a7e7663789577f7ee27d914d59386f138461cf5ce998e5587e1553a876f1510eab8858f363318ca58de0ae6fcd041e5
  languageName: node
  linkType: hard

"binary-version@npm:^7.1.0":
  version: 7.1.0
  resolution: "binary-version@npm:7.1.0"
  dependencies:
    execa: "npm:^8.0.1"
    find-versions: "npm:^6.0.0"
  checksum: 10c0/1d0c902a1959cca1999ded1cc3372ca44dcbee6368d48f626c19fe01df42b034b4a2f81961ef9db4af14a646855caa083aeafa77a474d1cede70519b0383e925
  languageName: node
  linkType: hard

"cacheable-lookup@npm:^2.0.0":
  version: 2.0.1
  resolution: "cacheable-lookup@npm:2.0.1"
  dependencies:
    "@types/keyv": "npm:^3.1.1"
    keyv: "npm:^4.0.0"
  checksum: 10c0/d9ac1e91736939ea619ad9bec50f09347f57308c7d9fb15e0d1de1e8d0d5152df364f6d8c7e611f62a53c35d059fc867858c0431d66366438247557e68f7e4b0
  languageName: node
  linkType: hard

"cacheable-request@npm:^7.0.1":
  version: 7.0.4
  resolution: "cacheable-request@npm:7.0.4"
  dependencies:
    clone-response: "npm:^1.0.2"
    get-stream: "npm:^5.1.0"
    http-cache-semantics: "npm:^4.0.0"
    keyv: "npm:^4.0.0"
    lowercase-keys: "npm:^2.0.0"
    normalize-url: "npm:^6.0.1"
    responselike: "npm:^2.0.0"
  checksum: 10c0/0834a7d17ae71a177bc34eab06de112a43f9b5ad05ebe929bec983d890a7d9f2bc5f1aa8bb67ea2b65e07a3bc74bea35fa62dd36dbac52876afe36fdcf83da41
  languageName: node
  linkType: hard

"clone-response@npm:^1.0.2":
  version: 1.0.3
  resolution: "clone-response@npm:1.0.3"
  dependencies:
    mimic-response: "npm:^1.0.0"
  checksum: 10c0/06a2b611824efb128810708baee3bd169ec9a1bf5976a5258cd7eb3f7db25f00166c6eee5961f075c7e38e194f373d4fdf86b8166ad5b9c7e82bbd2e333a6087
  languageName: node
  linkType: hard

"convert-hrtime@npm:^5.0.0":
  version: 5.0.0
  resolution: "convert-hrtime@npm:5.0.0"
  checksum: 10c0/2092e51aab205e1141440e84e2a89f8881e68e47c1f8bc168dfd7c67047d8f1db43bac28044bc05749205651fead4e7910f52c7bb6066213480df99e333e9f47
  languageName: node
  linkType: hard

"cross-spawn@npm:^7.0.3":
  version: 7.0.3
  resolution: "cross-spawn@npm:7.0.3"
  dependencies:
    path-key: "npm:^3.1.0"
    shebang-command: "npm:^2.0.0"
    which: "npm:^2.0.1"
  checksum: 10c0/5738c312387081c98d69c98e105b6327b069197f864a60593245d64c8089c8a0a744e16349281210d56835bb9274130d825a78b2ad6853ca13cfbeffc0c31750
  languageName: node
  linkType: hard

"dargs@npm:~7.0.0":
  version: 7.0.0
  resolution: "dargs@npm:7.0.0"
  checksum: 10c0/ec7f6a8315a8fa2f8b12d39207615bdf62b4d01f631b96fbe536c8ad5469ab9ed710d55811e564d0d5c1d548fc8cb6cc70bf0939f2415790159f5a75e0f96c92
  languageName: node
  linkType: hard

"decompress-response@npm:^5.0.0":
  version: 5.0.0
  resolution: "decompress-response@npm:5.0.0"
  dependencies:
    mimic-response: "npm:^2.0.0"
  checksum: 10c0/d76c4fc4fa21f4b39a7bf711a655b2b56d37b44c99754c3fb44d64b83a8132cfd916c81951477c94478d2cba47058cf8c73da26bb999b07f1b9c8d466a2b4346
  languageName: node
  linkType: hard

"decompress-response@npm:^6.0.0":
  version: 6.0.0
  resolution: "decompress-response@npm:6.0.0"
  dependencies:
    mimic-response: "npm:^3.1.0"
  checksum: 10c0/bd89d23141b96d80577e70c54fb226b2f40e74a6817652b80a116d7befb8758261ad073a8895648a29cc0a5947021ab66705cb542fa9c143c82022b27c5b175e
  languageName: node
  linkType: hard

"defer-to-connect@npm:^2.0.0":
  version: 2.0.1
  resolution: "defer-to-connect@npm:2.0.1"
  checksum: 10c0/625ce28e1b5ad10cf77057b9a6a727bf84780c17660f6644dab61dd34c23de3001f03cedc401f7d30a4ed9965c2e8a7336e220a329146f2cf85d4eddea429782
  languageName: node
  linkType: hard

"duplexer3@npm:^0.1.4":
  version: 0.1.5
  resolution: "duplexer3@npm:0.1.5"
  checksum: 10c0/02195030d61c4d6a2a34eca71639f2ea5e05cb963490e5bd9527623c2ac7f50c33842a34d14777ea9cbfd9bc2be5a84065560b897d9fabb99346058a5b86ca98
  languageName: node
  linkType: hard

"end-of-stream@npm:^1.1.0":
  version: 1.4.4
  resolution: "end-of-stream@npm:1.4.4"
  dependencies:
    once: "npm:^1.4.0"
  checksum: 10c0/870b423afb2d54bb8d243c63e07c170409d41e20b47eeef0727547aea5740bd6717aca45597a9f2745525667a6b804c1e7bede41f856818faee5806dd9ff3975
  languageName: node
  linkType: hard

"execa@npm:^8.0.1":
  version: 8.0.1
  resolution: "execa@npm:8.0.1"
  dependencies:
    cross-spawn: "npm:^7.0.3"
    get-stream: "npm:^8.0.1"
    human-signals: "npm:^5.0.0"
    is-stream: "npm:^3.0.0"
    merge-stream: "npm:^2.0.0"
    npm-run-path: "npm:^5.1.0"
    onetime: "npm:^6.0.0"
    signal-exit: "npm:^4.1.0"
    strip-final-newline: "npm:^3.0.0"
  checksum: 10c0/2c52d8775f5bf103ce8eec9c7ab3059909ba350a5164744e9947ed14a53f51687c040a250bda833f906d1283aa8803975b84e6c8f7a7c42f99dc8ef80250d1af
  languageName: node
  linkType: hard

"find-versions@npm:^6.0.0":
  version: 6.0.0
  resolution: "find-versions@npm:6.0.0"
  dependencies:
    semver-regex: "npm:^4.0.5"
    super-regex: "npm:^1.0.0"
  checksum: 10c0/1e38da3058f389c8657cd6f47fbcf12412051e7d2d14017594b8ca54ec239d19058f2d9dde80f27415726ab62822e32e3ed0a81141cfc206a3b8c8f0d87a5732
  languageName: node
  linkType: hard

"function-timeout@npm:^1.0.1":
  version: 1.0.2
  resolution: "function-timeout@npm:1.0.2"
  checksum: 10c0/75d7ac6c83c450b84face2c9d22307b00e10c7376aa3a34c7be260853582c5e4c502904e2f6bf1d4500c4052e748e001388f6bbd9d34ebfdfb6c4fec2169d0ff
  languageName: node
  linkType: hard

"get-mp3-duration@npm:latest":
  version: 1.0.0
  resolution: "get-mp3-duration@npm:1.0.0"
  checksum: 10c0/3265f66238fe0f4761a26b39015fa3dc76fea1a73421f3737afcbedc5c52aeff9ccaabea8c54a57a1a13287503e7c4a73d88fdd8decced54f71b840bd3bbcd20
  languageName: node
  linkType: hard

"get-stream@npm:^5.0.0, get-stream@npm:^5.1.0":
  version: 5.2.0
  resolution: "get-stream@npm:5.2.0"
  dependencies:
    pump: "npm:^3.0.0"
  checksum: 10c0/43797ffd815fbb26685bf188c8cfebecb8af87b3925091dd7b9a9c915993293d78e3c9e1bce125928ff92f2d0796f3889b92b5ec6d58d1041b574682132e0a80
  languageName: node
  linkType: hard

"get-stream@npm:^8.0.1":
  version: 8.0.1
  resolution: "get-stream@npm:8.0.1"
  checksum: 10c0/5c2181e98202b9dae0bb4a849979291043e5892eb40312b47f0c22b9414fc9b28a3b6063d2375705eb24abc41ecf97894d9a51f64ff021511b504477b27b4290
  languageName: node
  linkType: hard

"got@npm:^10.0.0":
  version: 10.7.0
  resolution: "got@npm:10.7.0"
  dependencies:
    "@sindresorhus/is": "npm:^2.0.0"
    "@szmarczak/http-timer": "npm:^4.0.0"
    "@types/cacheable-request": "npm:^6.0.1"
    cacheable-lookup: "npm:^2.0.0"
    cacheable-request: "npm:^7.0.1"
    decompress-response: "npm:^5.0.0"
    duplexer3: "npm:^0.1.4"
    get-stream: "npm:^5.0.0"
    lowercase-keys: "npm:^2.0.0"
    mimic-response: "npm:^2.1.0"
    p-cancelable: "npm:^2.0.0"
    p-event: "npm:^4.0.0"
    responselike: "npm:^2.0.0"
    to-readable-stream: "npm:^2.0.0"
    type-fest: "npm:^0.10.0"
  checksum: 10c0/3972cbbd2f99b8331f3447596e92849adb0e486c6c4feebbbedbf243e95f0ed79e62c34d8ff354d2e861ba69dd18c8870842aefae15cf3db3d5bb1019e8b837b
  languageName: node
  linkType: hard

"http-cache-semantics@npm:^4.0.0":
  version: 4.1.1
  resolution: "http-cache-semantics@npm:4.1.1"
  checksum: 10c0/ce1319b8a382eb3cbb4a37c19f6bfe14e5bb5be3d09079e885e8c513ab2d3cd9214902f8a31c9dc4e37022633ceabfc2d697405deeaf1b8f3552bb4ed996fdfc
  languageName: node
  linkType: hard

"human-signals@npm:^5.0.0":
  version: 5.0.0
  resolution: "human-signals@npm:5.0.0"
  checksum: 10c0/5a9359073fe17a8b58e5a085e9a39a950366d9f00217c4ff5878bd312e09d80f460536ea6a3f260b5943a01fe55c158d1cea3fc7bee3d0520aeef04f6d915c82
  languageName: node
  linkType: hard

"is-stream@npm:^3.0.0":
  version: 3.0.0
  resolution: "is-stream@npm:3.0.0"
  checksum: 10c0/eb2f7127af02ee9aa2a0237b730e47ac2de0d4e76a4a905a50a11557f2339df5765eaea4ceb8029f1efa978586abe776908720bfcb1900c20c6ec5145f6f29d8
  languageName: node
  linkType: hard

"is-unix@npm:~2.0.10":
  version: 2.0.10
  resolution: "is-unix@npm:2.0.10"
  checksum: 10c0/751bb75a707bde51062baeb6d506d5f83595f4d777928aa67e0738969e40603020b34790f104d0d7faac1c199b30b257bd70214e3adf6ebb8c6d515bb76f87ea
  languageName: node
  linkType: hard

"isexe@npm:^2.0.0":
  version: 2.0.0
  resolution: "isexe@npm:2.0.0"
  checksum: 10c0/228cfa503fadc2c31596ab06ed6aa82c9976eec2bfd83397e7eaf06d0ccf42cd1dfd6743bf9aeb01aebd4156d009994c5f76ea898d2832c1fe342da923ca457d
  languageName: node
  linkType: hard

"json-buffer@npm:3.0.1":
  version: 3.0.1
  resolution: "json-buffer@npm:3.0.1"
  checksum: 10c0/0d1c91569d9588e7eef2b49b59851f297f3ab93c7b35c7c221e288099322be6b562767d11e4821da500f3219542b9afd2e54c5dc573107c1126ed1080f8e96d7
  languageName: node
  linkType: hard

"keyv@npm:^4.0.0":
  version: 4.5.4
  resolution: "keyv@npm:4.5.4"
  dependencies:
    json-buffer: "npm:3.0.1"
  checksum: 10c0/aa52f3c5e18e16bb6324876bb8b59dd02acf782a4b789c7b2ae21107fab95fab3890ed448d4f8dba80ce05391eeac4bfabb4f02a20221342982f806fa2cf271e
  languageName: node
  linkType: hard

"lowercase-keys@npm:^2.0.0":
  version: 2.0.0
  resolution: "lowercase-keys@npm:2.0.0"
  checksum: 10c0/f82a2b3568910509da4b7906362efa40f5b54ea14c2584778ddb313226f9cbf21020a5db35f9b9a0e95847a9b781d548601f31793d736b22a2b8ae8eb9ab1082
  languageName: node
  linkType: hard

"merge-stream@npm:^2.0.0":
  version: 2.0.0
  resolution: "merge-stream@npm:2.0.0"
  checksum: 10c0/867fdbb30a6d58b011449b8885601ec1690c3e41c759ecd5a9d609094f7aed0096c37823ff4a7190ef0b8f22cc86beb7049196ff68c016e3b3c671d0dac91ce5
  languageName: node
  linkType: hard

"mimic-fn@npm:^4.0.0":
  version: 4.0.0
  resolution: "mimic-fn@npm:4.0.0"
  checksum: 10c0/de9cc32be9996fd941e512248338e43407f63f6d497abe8441fa33447d922e927de54d4cc3c1a3c6d652857acd770389d5a3823f311a744132760ce2be15ccbf
  languageName: node
  linkType: hard

"mimic-response@npm:^1.0.0":
  version: 1.0.1
  resolution: "mimic-response@npm:1.0.1"
  checksum: 10c0/c5381a5eae997f1c3b5e90ca7f209ed58c3615caeee850e85329c598f0c000ae7bec40196580eef1781c60c709f47258131dab237cad8786f8f56750594f27fa
  languageName: node
  linkType: hard

"mimic-response@npm:^2.0.0, mimic-response@npm:^2.1.0":
  version: 2.1.0
  resolution: "mimic-response@npm:2.1.0"
  checksum: 10c0/717475c840f20deca87a16cb2f7561f9115f5de225ea2377739e09890c81aec72f43c81fd4984650c4044e66be5a846fa7a517ac7908f01009e1e624e19864d5
  languageName: node
  linkType: hard

"mimic-response@npm:^3.1.0":
  version: 3.1.0
  resolution: "mimic-response@npm:3.1.0"
  checksum: 10c0/0d6f07ce6e03e9e4445bee655202153bdb8a98d67ee8dc965ac140900d7a2688343e6b4c9a72cfc9ef2f7944dfd76eef4ab2482eb7b293a68b84916bac735362
  languageName: node
  linkType: hard

"normalize-url@npm:^6.0.1":
  version: 6.1.0
  resolution: "normalize-url@npm:6.1.0"
  checksum: 10c0/95d948f9bdd2cfde91aa786d1816ae40f8262946e13700bf6628105994fe0ff361662c20af3961161c38a119dc977adeb41fc0b41b1745eb77edaaf9cb22db23
  languageName: node
  linkType: hard

"npm-run-path@npm:^5.1.0":
  version: 5.3.0
  resolution: "npm-run-path@npm:5.3.0"
  dependencies:
    path-key: "npm:^4.0.0"
  checksum: 10c0/124df74820c40c2eb9a8612a254ea1d557ddfab1581c3e751f825e3e366d9f00b0d76a3c94ecd8398e7f3eee193018622677e95816e8491f0797b21e30b2deba
  languageName: node
  linkType: hard

"once@npm:^1.3.1, once@npm:^1.4.0":
  version: 1.4.0
  resolution: "once@npm:1.4.0"
  dependencies:
    wrappy: "npm:1"
  checksum: 10c0/5d48aca287dfefabd756621c5dfce5c91a549a93e9fdb7b8246bc4c4790aa2ec17b34a260530474635147aeb631a2dcc8b32c613df0675f96041cbb8244517d0
  languageName: node
  linkType: hard

"onetime@npm:^6.0.0":
  version: 6.0.0
  resolution: "onetime@npm:6.0.0"
  dependencies:
    mimic-fn: "npm:^4.0.0"
  checksum: 10c0/4eef7c6abfef697dd4479345a4100c382d73c149d2d56170a54a07418c50816937ad09500e1ed1e79d235989d073a9bade8557122aee24f0576ecde0f392bb6c
  languageName: node
  linkType: hard

"p-cancelable@npm:^2.0.0":
  version: 2.1.1
  resolution: "p-cancelable@npm:2.1.1"
  checksum: 10c0/8c6dc1f8dd4154fd8b96a10e55a3a832684c4365fb9108056d89e79fbf21a2465027c04a59d0d797b5ffe10b54a61a32043af287d5c4860f1e996cbdbc847f01
  languageName: node
  linkType: hard

"p-event@npm:^4.0.0":
  version: 4.2.0
  resolution: "p-event@npm:4.2.0"
  dependencies:
    p-timeout: "npm:^3.1.0"
  checksum: 10c0/f1b6a2fb13d47f2a8afc00150da5ece0d28940ce3d8fa562873e091d3337d298e78fee9cb18b768598ff1d11df608b2ae23868309ff6405b864a2451ccd6d25a
  languageName: node
  linkType: hard

"p-finally@npm:^1.0.0":
  version: 1.0.0
  resolution: "p-finally@npm:1.0.0"
  checksum: 10c0/6b8552339a71fe7bd424d01d8451eea92d379a711fc62f6b2fe64cad8a472c7259a236c9a22b4733abca0b5666ad503cb497792a0478c5af31ded793d00937e7
  languageName: node
  linkType: hard

"p-timeout@npm:^3.1.0":
  version: 3.2.0
  resolution: "p-timeout@npm:3.2.0"
  dependencies:
    p-finally: "npm:^1.0.0"
  checksum: 10c0/524b393711a6ba8e1d48137c5924749f29c93d70b671e6db761afa784726572ca06149c715632da8f70c090073afb2af1c05730303f915604fd38ee207b70a61
  languageName: node
  linkType: hard

"path-key@npm:^3.1.0":
  version: 3.1.1
  resolution: "path-key@npm:3.1.1"
  checksum: 10c0/748c43efd5a569c039d7a00a03b58eecd1d75f3999f5a28303d75f521288df4823bc057d8784eb72358b2895a05f29a070bc9f1f17d28226cc4e62494cc58c4c
  languageName: node
  linkType: hard

"path-key@npm:^4.0.0":
  version: 4.0.0
  resolution: "path-key@npm:4.0.0"
  checksum: 10c0/794efeef32863a65ac312f3c0b0a99f921f3e827ff63afa5cb09a377e202c262b671f7b3832a4e64731003fa94af0263713962d317b9887bd1e0c48a342efba3
  languageName: node
  linkType: hard

"pump@npm:^3.0.0":
  version: 3.0.0
  resolution: "pump@npm:3.0.0"
  dependencies:
    end-of-stream: "npm:^1.1.0"
    once: "npm:^1.3.1"
  checksum: 10c0/bbdeda4f747cdf47db97428f3a135728669e56a0ae5f354a9ac5b74556556f5446a46f720a8f14ca2ece5be9b4d5d23c346db02b555f46739934cc6c093a5478
  languageName: node
  linkType: hard

"responselike@npm:^2.0.0":
  version: 2.0.1
  resolution: "responselike@npm:2.0.1"
  dependencies:
    lowercase-keys: "npm:^2.0.0"
  checksum: 10c0/360b6deb5f101a9f8a4174f7837c523c3ec78b7ca8a7c1d45a1062b303659308a23757e318b1e91ed8684ad1205721142dd664d94771cd63499353fd4ee732b5
  languageName: node
  linkType: hard

"semver-regex@npm:^4.0.5":
  version: 4.0.5
  resolution: "semver-regex@npm:4.0.5"
  checksum: 10c0/c270eda133691dfaab90318df995e96222e4c26c47b17f7c8bd5e5fe88b81ed67b59695fe27546e0314b0f0423c7faed1f93379ad9db47c816df2ddf770918ff
  languageName: node
  linkType: hard

"semver-truncate@npm:^3.0.0":
  version: 3.0.0
  resolution: "semver-truncate@npm:3.0.0"
  dependencies:
    semver: "npm:^7.3.5"
  checksum: 10c0/faede4e69e81590ee6b4141f5e89ae1162cd0ecafe660f0ae72bca45f16677a01a3bc26283201b695cec8409e1e861b8b2b10b0621c1661983e7ab10736caeee
  languageName: node
  linkType: hard

"semver@npm:^7.3.5, semver@npm:^7.6.0":
  version: 7.6.3
  resolution: "semver@npm:7.6.3"
  bin:
    semver: bin/semver.js
  checksum: 10c0/88f33e148b210c153873cb08cfe1e281d518aaa9a666d4d148add6560db5cd3c582f3a08ccb91f38d5f379ead256da9931234ed122057f40bb5766e65e58adaf
  languageName: node
  linkType: hard

"shebang-command@npm:^2.0.0":
  version: 2.0.0
  resolution: "shebang-command@npm:2.0.0"
  dependencies:
    shebang-regex: "npm:^3.0.0"
  checksum: 10c0/a41692e7d89a553ef21d324a5cceb5f686d1f3c040759c50aab69688634688c5c327f26f3ecf7001ebfd78c01f3c7c0a11a7c8bfd0a8bc9f6240d4f40b224e4e
  languageName: node
  linkType: hard

"shebang-regex@npm:^3.0.0":
  version: 3.0.0
  resolution: "shebang-regex@npm:3.0.0"
  checksum: 10c0/1dbed0726dd0e1152a92696c76c7f06084eb32a90f0528d11acd764043aacf76994b2fb30aa1291a21bd019d6699164d048286309a278855ee7bec06cf6fb690
  languageName: node
  linkType: hard

"signal-exit@npm:^4.1.0":
  version: 4.1.0
  resolution: "signal-exit@npm:4.1.0"
  checksum: 10c0/41602dce540e46d599edba9d9860193398d135f7ff72cab629db5171516cfae628d21e7bfccde1bbfdf11c48726bc2a6d1a8fb8701125852fbfda7cf19c6aa83
  languageName: node
  linkType: hard

"simple-concat@npm:^1.0.0":
  version: 1.0.1
  resolution: "simple-concat@npm:1.0.1"
  checksum: 10c0/62f7508e674414008910b5397c1811941d457dfa0db4fd5aa7fa0409eb02c3609608dfcd7508cace75b3a0bf67a2a77990711e32cd213d2c76f4fd12ee86d776
  languageName: node
  linkType: hard

"simple-get@npm:~4.0.1":
  version: 4.0.1
  resolution: "simple-get@npm:4.0.1"
  dependencies:
    decompress-response: "npm:^6.0.0"
    once: "npm:^1.3.1"
    simple-concat: "npm:^1.0.0"
  checksum: 10c0/b0649a581dbca741babb960423248899203165769747142033479a7dc5e77d7b0fced0253c731cd57cf21e31e4d77c9157c3069f4448d558ebc96cf9e1eebcf0
  languageName: node
  linkType: hard

"strip-final-newline@npm:^3.0.0":
  version: 3.0.0
  resolution: "strip-final-newline@npm:3.0.0"
  checksum: 10c0/a771a17901427bac6293fd416db7577e2bc1c34a19d38351e9d5478c3c415f523f391003b42ed475f27e33a78233035df183525395f731d3bfb8cdcbd4da08ce
  languageName: node
  linkType: hard

"super-regex@npm:^1.0.0":
  version: 1.0.0
  resolution: "super-regex@npm:1.0.0"
  dependencies:
    function-timeout: "npm:^1.0.1"
    time-span: "npm:^5.1.0"
  checksum: 10c0/9727b57702308af74be90ed92d4612eed6c8b03fdf25efe1a3455e40d7145246516638bcabf3538e9e9c706d8ecb233e4888e0223283543fb2836d4d7acb6200
  languageName: node
  linkType: hard

"supinic-desktop-listener@workspace:.":
  version: 0.0.0-use.local
  resolution: "supinic-desktop-listener@workspace:."
  dependencies:
    get-mp3-duration: "npm:latest"
    got: "npm:^10.0.0"
    youtube-dl-exec: "npm:^2.1.0"
  languageName: unknown
  linkType: soft

"time-span@npm:^5.1.0":
  version: 5.1.0
  resolution: "time-span@npm:5.1.0"
  dependencies:
    convert-hrtime: "npm:^5.0.0"
  checksum: 10c0/37b8284c53f4ee320377512ac19e3a034f2b025f5abd6959b8c1d0f69e0f06ab03681df209f2e452d30129e7b1f25bf573fb0f29d57e71f9b4a6b5b99f4c4b9e
  languageName: node
  linkType: hard

"tinyspawn@npm:~1.2.6":
  version: 1.2.14
  resolution: "tinyspawn@npm:1.2.14"
  checksum: 10c0/bd1c735fc50ca8f457edc6a7b751409ee17d8f83318c1fed3e1ccf45056f4b79ce6c4cda4ac50a12249754c725ebbd5405ea32ac83a98a0f69cf640090c59f97
  languageName: node
  linkType: hard

"to-readable-stream@npm:^2.0.0":
  version: 2.1.0
  resolution: "to-readable-stream@npm:2.1.0"
  checksum: 10c0/c0d7269a5232a4c4d254073478a7bfdc302f955999d3afbd417af15cbdf98aeacbc66318957426bbe5b84b681e4d0eba4be640bed6c1ee8cf705f500d4521289
  languageName: node
  linkType: hard

"type-fest@npm:^0.10.0":
  version: 0.10.0
  resolution: "type-fest@npm:0.10.0"
  checksum: 10c0/6c079d80dce172b4c182238c46add55e77549b9e2a360f08d291f64c2eb5bc72aa955a10389cd55bac0da9464044c9f7317069c8b9ce7557c18b5007874fd5fb
  languageName: node
  linkType: hard

"undici-types@npm:~6.11.1":
  version: 6.11.1
  resolution: "undici-types@npm:6.11.1"
  checksum: 10c0/d8f5739a8e6c779d72336c82deb49c56d5ac9f9f6e0eb2e8dd4d3f6929ae9db7cde370d2e46516fe6cad04ea53e790c5e16c4c75eed7cd0f9bd31b0763bb2fa3
  languageName: node
  linkType: hard

"which@npm:^2.0.1":
  version: 2.0.2
  resolution: "which@npm:2.0.2"
  dependencies:
    isexe: "npm:^2.0.0"
  bin:
    node-which: ./bin/node-which
  checksum: 10c0/66522872a768b60c2a65a57e8ad184e5372f5b6a9ca6d5f033d4b0dc98aff63995655a7503b9c0a2598936f532120e81dd8cc155e2e92ed662a2b9377cc4374f
  languageName: node
  linkType: hard

"wrappy@npm:1":
  version: 1.0.2
  resolution: "wrappy@npm:1.0.2"
  checksum: 10c0/56fece1a4018c6a6c8e28fbc88c87e0fbf4ea8fd64fc6c63b18f4acc4bd13e0ad2515189786dd2c30d3eec9663d70f4ecf699330002f8ccb547e4a18231fc9f0
  languageName: node
  linkType: hard

"youtube-dl-exec@npm:^2.1.0":
  version: 2.5.8
  resolution: "youtube-dl-exec@npm:2.5.8"
  dependencies:
    bin-version-check: "npm:~6.0.0"
    dargs: "npm:~7.0.0"
    is-unix: "npm:~2.0.10"
    simple-get: "npm:~4.0.1"
    tinyspawn: "npm:~1.2.6"
  checksum: 10c0/238ee703707b75d210832f3b08d2525c12d4a0ae4e37688f734037f67b4b00b4640aad076b54b222716d4d0c77c3698b251c694a608b237e6492a7f46d4c03f9
  languageName: node
  linkType: hard
